
Microsoft Visual Studio Solution File, Format Version 12.00
# Visual Studio Version 16
VisualStudioVersion = 16.0.30114.105
MinimumVisualStudioVersion = 10.0.40219.1
Project("{FAE04EC0-301F-11D3-BF4B-00C04F79EFBC}") = "Compiler.Lib", "Compiler.Lib\Compiler.Lib.csproj", "{CC8B199A-90CC-4A08-A6E4-4FEAB5F779C9}"
EndProject
Project("{FAE04EC0-301F-11D3-BF4B-00C04F79EFBC}") = "Compiler.Console", "Compiler.Console\Compiler.Console.csproj", "{6AD14A87-6C1B-4160-B597-1DD9FA2652EF}"
EndProject
Global
	GlobalSection(SolutionConfigurationPlatforms) = preSolution
		Debug|Any CPU = Debug|Any CPU
		Debug|x64 = Debug|x64
		Debug|x86 = Debug|x86
		Release|Any CPU = Release|Any CPU
		Release|x64 = Release|x64
		Release|x86 = Release|x86
	EndGlobalSection
	GlobalSection(SolutionProperties) = preSolution
		HideSolutionNode = FALSE
	EndGlobalSection
	GlobalSection(ProjectConfigurationPlatforms) = postSolution
		{CC8B199A-90CC-4A08-A6E4-4FEAB5F779C9}.Debug|Any CPU.ActiveCfg = Debug|Any CPU
		{CC8B199A-90CC-4A08-A6E4-4FEAB5F779C9}.Debug|Any CPU.Build.0 = Debug|Any CPU
		{CC8B199A-90CC-4A08-A6E4-4FEAB5F779C9}.Debug|x64.ActiveCfg = Debug|Any CPU
		{CC8B199A-90CC-4A08-A6E4-4FEAB5F779C9}.Debug|x64.Build.0 = Debug|Any CPU
		{CC8B199A-90CC-4A08-A6E4-4FEAB5F779C9}.Debug|x86.ActiveCfg = Debug|Any CPU
		{CC8B199A-90CC-4A08-A6E4-4FEAB5F779C9}.Debug|x86.Build.0 = Debug|Any CPU
		{CC8B199A-90CC-4A08-A6E4-4FEAB5F779C9}.Release|Any CPU.ActiveCfg = Release|Any CPU
		{CC8B199A-90CC-4A08-A6E4-4FEAB5F779C9}.Release|Any CPU.Build.0 = Release|Any CPU
		{CC8B199A-90CC-4A08-A6E4-4FEAB5F779C9}.Release|x64.ActiveCfg = Release|Any CPU
		{CC8B199A-90CC-4A08-A6E4-4FEAB5F779C9}.Release|x64.Build.0 = Release|Any CPU
		{CC8B199A-90CC-4A08-A6E4-4FEAB5F779C9}.Release|x86.ActiveCfg = Release|Any CPU
		{CC8B199A-90CC-4A08-A6E4-4FEAB5F779C9}.Release|x86.Build.0 = Release|Any CPU
		{6AD14A87-6C1B-4160-B597-1DD9FA2652EF}.Debug|Any CPU.ActiveCfg = Debug|Any CPU
		{6AD14A87-6C1B-4160-B597-1DD9FA2652EF}.Debug|Any CPU.Build.0 = Debug|Any CPU
		{6AD14A87-6C1B-4160-B597-1DD9FA2652EF}.Debug|x64.ActiveCfg = Debug|Any CPU
		{6AD14A87-6C1B-4160-B597-1DD9FA2652EF}.Debug|x64.Build.0 = Debug|Any CPU
		{6AD14A87-6C1B-4160-B597-1DD9FA2652EF}.Debug|x86.ActiveCfg = Debug|Any CPU
		{6AD14A87-6C1B-4160-B597-1DD9FA2652EF}.Debug|x86.Build.0 = Debug|Any CPU
		{6AD14A87-6C1B-4160-B597-1DD9FA2652EF}.Release|Any CPU.ActiveCfg = Release|Any CPU
		{6AD14A87-6C1B-4160-B597-1DD9FA2652EF}.Release|Any CPU.Build.0 = Release|Any CPU
		{6AD14A87-6C1B-4160-B597-1DD9FA2652EF}.Release|x64.ActiveCfg = Release|Any CPU
		{6AD14A87-6C1B-4160-B597-1DD9FA2652EF}.Release|x64.Build.0 = Release|Any CPU
		{6AD14A87-6C1B-4160-B597-1DD9FA2652EF}.Release|x86.ActiveCfg = Release|Any CPU
		{6AD14A87-6C1B-4160-B597-1DD9FA2652EF}.Release|x86.Build.0 = Release|Any CPU
	EndGlobalSection
EndGlobal
